{
  "originHash" : "a9277e83c826f5420d21d03e5e450656917ef1b90212fdb1ccf9eed35ef51abb",
  "pins" : [
    {
      "identity" : "swift-sdk-and-sample-app",
      "kind" : "remoteSourceControl",
      "location" : "https://github.com/dynamic-labs/swift-sdk-and-sample-app.git",
      "state" : {
        "revision" : "60b0c457786d9bb713d54691ab5f39f7192fa5f5",
        "version" : "1.5.1"
      }
    }
  ],
  "version" : 3
}
