// !$*UTF8*$!
{
	archiveVersion = 1;
	classes = {
	};
	objectVersion = 77;
	objects = {

/* Begin PBXBuildFile section */
		B463064130590361008E7964 /* Privy in Frameworks */ = {isa = PBXBuildFile; productRef = B463064030590361008E7964 /* Privy */; };
		C0DE000330590361008E7964 /* MonacoCore in Frameworks */ = {isa = PBXBuildFile; productRef = C0DE000230590361008E7964 /* MonacoCore */; };
/* End PBXBuildFile section */

/* Begin PBXContainerItemProxy section */
		B463062130590360008E7964 /* PBXContainerItemProxy */ = {
			isa = PBXContainerItemProxy;
			containerPortal = B463060B3059035D008E7964 /* Project object */;
			proxyType = 1;
			remoteGlobalIDString = B46306123059035D008E7964;
			remoteInfo = Monaco;
		};
		B463062B30590360008E7964 /* PBXContainerItemProxy */ = {
			isa = PBXContainerItemProxy;
			containerPortal = B463060B3059035D008E7964 /* Project object */;
			proxyType = 1;
			remoteGlobalIDString = B46306123059035D008E7964;
			remoteInfo = Monaco;
		};
/* End PBXContainerItemProxy section */

/* Begin PBXFileReference section */
		B46306133059035D008E7964 /* Monaco.app */ = {isa = PBXFileReference; explicitFileType = wrapper.application; includeInIndex = 0; path = Monaco.app; sourceTree = BUILT_PRODUCTS_DIR; };
		B463062030590360008E7964 /* MonacoTests.xctest */ = {isa = PBXFileReference; explicitFileType = wrapper.cfbundle; includeInIndex = 0; path = MonacoTests.xctest; sourceTree = BUILT_PRODUCTS_DIR; };
		B463062A30590360008E7964 /* MonacoUITests.xctest */ = {isa = PBXFileReference; explicitFileType = wrapper.cfbundle; includeInIndex = 0; path = MonacoUITests.xctest; sourceTree = BUILT_PRODUCTS_DIR; };
		B463064230590362008E7964 /* Privy.xcconfig */ = {isa = PBXFileReference; lastKnownFileType = text.xcconfig; path = Privy.xcconfig; sourceTree = "<group>"; };
/* End PBXFileReference section */

/* Begin PBXFileSystemSynchronizedRootGroup section */
		B46306153059035D008E7964 /* Monaco */ = {
			isa = PBXFileSystemSynchronizedRootGroup;
			path = Monaco;
			sourceTree = "<group>";
		};
		B463062330590360008E7964 /* MonacoTests */ = {
			isa = PBXFileSystemSynchronizedRootGroup;
			path = MonacoTests;
			sourceTree = "<group>";
		};
		B463062D30590360008E7964 /* MonacoUITests */ = {
			isa = PBXFileSystemSynchronizedRootGroup;
			path = MonacoUITests;
			sourceTree = "<group>";
		};
/* End PBXFileSystemSynchronizedRootGroup section */

/* Begin PBXFrameworksBuildPhase section */
		B46306103059035D008E7964 /* Frameworks */ = {
			isa = PBXFrameworksBuildPhase;
			buildActionMask = 2147483647;
			files = (
				B463064130590361008E7964 /* Privy in Frameworks */,
				C0DE000330590361008E7964 /* MonacoCore in Frameworks */,
			);
			runOnlyForDeploymentPostprocessing = 0;
		};
		B463061D30590360008E7964 /* Frameworks */ = {
			isa = PBXFrameworksBuildPhase;
			buildActionMask = 2147483647;
			files = (
			);
			runOnlyForDeploymentPostprocessing = 0;
		};
		B463062730590360008E7964 /* Frameworks */ = {
			isa = PBXFrameworksBuildPhase;
			buildActionMask = 2147483647;
			files = (
			);
			runOnlyForDeploymentPostprocessing = 0;
		};
/* End PBXFrameworksBuildPhase section */

/* Begin PBXGroup section */
		B463060A3059035D008E7964 = {
			isa = PBXGroup;
			children = (
				B463064330590362008E7964 /* Config */,
				B46306153059035D008E7964 /* Monaco */,
				B463062330590360008E7964 /* MonacoTests */,
				B463062D30590360008E7964 /* MonacoUITests */,
				B46306143059035D008E7964 /* Products */,
			);
			sourceTree = "<group>";
		};
		B46306143059035D008E7964 /* Products */ = {
			isa = PBXGroup;
			children = (
				B46306133059035D008E7964 /* Monaco.app */,
				B463062030590360008E7964 /* MonacoTests.xctest */,
				B463062A30590360008E7964 /* MonacoUITests.xctest */,
			);
			name = Products;
			sourceTree = "<group>";
		};
		B463064330590362008E7964 /* Config */ = {
			isa = PBXGroup;
			children = (
				B463064230590362008E7964 /* Privy.xcconfig */,
			);
			path = Config;
			sourceTree = "<group>";
		};
/* End PBXGroup section */

/* Begin PBXNativeTarget section */
		B46306123059035D008E7964 /* Monaco */ = {
			isa = PBXNativeTarget;
			buildConfigurationList = B463063430590360008E7964 /* Build configuration list for PBXNativeTarget "Monaco" */;
			buildPhases = (
				B463060F3059035D008E7964 /* Sources */,
				B46306103059035D008E7964 /* Frameworks */,
				B46306113059035D008E7964 /* Resources */,
			);
			buildRules = (
			);
			dependencies = (
			);
			fileSystemSynchronizedGroups = (
				B46306153059035D008E7964 /* Monaco */,
			);
			name = Monaco;
			packageProductDependencies = (
				B463064030590361008E7964 /* Privy */,
				C0DE000230590361008E7964 /* MonacoCore */,
			);
			productName = Monaco;
			productReference = B46306133059035D008E7964 /* Monaco.app */;
			productType = "com.apple.product-type.application";
		};
		B463061F30590360008E7964 /* MonacoTests */ = {
			isa = PBXNativeTarget;
			buildConfigurationList = B463063730590360008E7964 /* Build configuration list for PBXNativeTarget "MonacoTests" */;
			buildPhases = (
				B463061C30590360008E7964 /* Sources */,
				B463061D30590360008E7964 /* Frameworks */,
				B463061E30590360008E7964 /* Resources */,
			);
			buildRules = (
			);
			dependencies = (
				B463062230590360008E7964 /* PBXTargetDependency */,
			);
			fileSystemSynchronizedGroups = (
				B463062330590360008E7964 /* MonacoTests */,
			);
			name = MonacoTests;
			packageProductDependencies = (
			);
			productName = MonacoTests;
			productReference = B463062030590360008E7964 /* MonacoTests.xctest */;
			productType = "com.apple.product-type.bundle.unit-test";
		};
		B463062930590360008E7964 /* MonacoUITests */ = {
			isa = PBXNativeTarget;
			buildConfigurationList = B463063A30590360008E7964 /* Build configuration list for PBXNativeTarget "MonacoUITests" */;
			buildPhases = (
				B463062630590360008E7964 /* Sources */,
				B463062730590360008E7964 /* Frameworks */,
				B463062830590360008E7964 /* Resources */,
			);
			buildRules = (
			);
			dependencies = (
				B463062C30590360008E7964 /* PBXTargetDependency */,
			);
			fileSystemSynchronizedGroups = (
				B463062D30590360008E7964 /* MonacoUITests */,
			);
			name = MonacoUITests;
			packageProductDependencies = (
			);
			productName = MonacoUITests;
			productReference = B463062A30590360008E7964 /* MonacoUITests.xctest */;
			productType = "com.apple.product-type.bundle.ui-testing";
		};
/* End PBXNativeTarget section */

/* Begin PBXProject section */
		B463060B3059035D008E7964 /* Project object */ = {
			isa = PBXProject;
			attributes = {
				BuildIndependentTargetsInParallel = 1;
				LastSwiftUpdateCheck = 2640;
				LastUpgradeCheck = 2640;
				TargetAttributes = {
					B46306123059035D008E7964 = {
						CreatedOnToolsVersion = 26.4;
					};
					B463061F30590360008E7964 = {
						CreatedOnToolsVersion = 26.4;
						TestTargetID = B46306123059035D008E7964;
					};
					B463062930590360008E7964 = {
						CreatedOnToolsVersion = 26.4;
						TestTargetID = B46306123059035D008E7964;
					};
				};
			};
			buildConfigurationList = B463060E3059035D008E7964 /* Build configuration list for PBXProject "Monaco" */;
			developmentRegion = en;
			hasScannedForEncodings = 0;
			knownRegions = (
				en,
				Base,
			);
			mainGroup = B463060A3059035D008E7964;
			minimizedProjectReferenceProxies = 1;
			packageReferences = (
				B463063F30590361008E7964 /* XCRemoteSwiftPackageReference "privy-ios" */,
				C0DE000130590361008E7964 /* XCLocalSwiftPackageReference "../../packages/mobile-core" */,
			);
			preferredProjectObjectVersion = 77;
			productRefGroup = B46306143059035D008E7964 /* Products */;
			projectDirPath = "";
			projectRoot = "";
			targets = (
				B46306123059035D008E7964 /* Monaco */,
				B463061F30590360008E7964 /* MonacoTests */,
				B463062930590360008E7964 /* MonacoUITests */,
			);
		};
/* End PBXProject section */

/* Begin PBXResourcesBuildPhase section */
		B46306113059035D008E7964 /* Resources */ = {
			isa = PBXResourcesBuildPhase;
			buildActionMask = 2147483647;
			files = (
			);
			runOnlyForDeploymentPostprocessing = 0;
		};
		B463061E30590360008E7964 /* Resources */ = {
			isa = PBXResourcesBuildPhase;
			buildActionMask = 2147483647;
			files = (
			);
			runOnlyForDeploymentPostprocessing = 0;
		};
		B463062830590360008E7964 /* Resources */ = {
			isa = PBXResourcesBuildPhase;
			buildActionMask = 2147483647;
			files = (
			);
			runOnlyForDeploymentPostprocessing = 0;
		};
/* End PBXResourcesBuildPhase section */

/* Begin PBXSourcesBuildPhase section */
		B463060F3059035D008E7964 /* Sources */ = {
			isa = PBXSourcesBuildPhase;
			buildActionMask = 2147483647;
			files = (
			);
			runOnlyForDeploymentPostprocessing = 0;
		};
		B463061C30590360008E7964 /* Sources */ = {
			isa = PBXSourcesBuildPhase;
			buildActionMask = 2147483647;
			files = (
			);
			runOnlyForDeploymentPostprocessing = 0;
		};
		B463062630590360008E7964 /* Sources */ = {
			isa = PBXSourcesBuildPhase;
			buildActionMask = 2147483647;
			files = (
			);
			runOnlyForDeploymentPostprocessing = 0;
		};
/* End PBXSourcesBuildPhase section */

/* Begin PBXTargetDependency section */
		B463062230590360008E7964 /* PBXTargetDependency */ = {
			isa = PBXTargetDependency;
			target = B46306123059035D008E7964 /* Monaco */;
			targetProxy = B463062130590360008E7964 /* PBXContainerItemProxy */;
		};
		B463062C30590360008E7964 /* PBXTargetDependency */ = {
			isa = PBXTargetDependency;
			target = B46306123059035D008E7964 /* Monaco */;
			targetProxy = B463062B30590360008E7964 /* PBXContainerItemProxy */;
		};
/* End PBXTargetDependency section */

/* Begin XCBuildConfiguration section */
		B463063230590360008E7964 /* Debug */ = {
			isa = XCBuildConfiguration;
			buildSettings = {
				ALWAYS_SEARCH_USER_PATHS = NO;
				ASSETCATALOG_COMPILER_GENERATE_SWIFT_ASSET_SYMBOL_EXTENSIONS = YES;
				CLANG_ANALYZER_NONNULL = YES;
				CLANG_ANALYZER_NUMBER_OBJECT_CONVERSION = YES_AGGRESSIVE;
				CLANG_CXX_LANGUAGE_STANDARD = "gnu++20";
				CLANG_ENABLE_MODULES = YES;
				CLANG_ENABLE_OBJC_ARC = YES;
				CLANG_ENABLE_OBJC_WEAK = YES;
				CLANG_WARN_BLOCK_CAPTURE_AUTORELEASING = YES;
				CLANG_WARN_BOOL_CONVERSION = YES;
				CLANG_WARN_COMMA = YES;
				CLANG_WARN_CONSTANT_CONVERSION = YES;
				CLANG_WARN_DEPRECATED_OBJC_IMPLEMENTATIONS = YES;
				CLANG_WARN_DIRECT_OBJC_ISA_USAGE = YES_ERROR;
				CLANG_WARN_DOCUMENTATION_COMMENTS = YES;
				CLANG_WARN_EMPTY_BODY = YES;
				CLANG_WARN_ENUM_CONVERSION = YES;
				CLANG_WARN_INFINITE_RECURSION = YES;
				CLANG_WARN_INT_CONVERSION = YES;
				CLANG_WARN_NON_LITERAL_NULL_CONVERSION = YES;
				CLANG_WARN_OBJC_IMPLICIT_RETAIN_SELF = YES;
				CLANG_WARN_OBJC_LITERAL_CONVERSION = YES;
				CLANG_WARN_OBJC_ROOT_CLASS = YES_ERROR;
				CLANG_WARN_QUOTED_INCLUDE_IN_FRAMEWORK_HEADER = YES;
				CLANG_WARN_RANGE_LOOP_ANALYSIS = YES;
				CLANG_WARN_STRICT_PROTOTYPES = YES;
				CLANG_WARN_SUSPICIOUS_MOVE = YES;
				CLANG_WARN_UNGUARDED_AVAILABILITY = YES_AGGRESSIVE;
				CLANG_WARN_UNREACHABLE_CODE = YES;
				CLANG_WARN__DUPLICATE_METHOD_MATCH = YES;
				COPY_PHASE_STRIP = NO;
				DEBUG_INFORMATION_FORMAT = dwarf;
				DEVELOPMENT_TEAM = JSF53DFS29;
				ENABLE_STRICT_OBJC_MSGSEND = YES;
				ENABLE_TESTABILITY = YES;
				ENABLE_USER_SCRIPT_SANDBOXING = YES;
				GCC_C_LANGUAGE_STANDARD = gnu17;
				GCC_DYNAMIC_NO_PIC = NO;
				GCC_NO_COMMON_BLOCKS = YES;
				GCC_OPTIMIZATION_LEVEL = 0;
				GCC_PREPROCESSOR_DEFINITIONS = (
					"DEBUG=1",
					"$(inherited)",
				);
				GCC_WARN_64_TO_32_BIT_CONVERSION = YES;
				GCC_WARN_ABOUT_RETURN_TYPE = YES_ERROR;
				GCC_WARN_UNDECLARED_SELECTOR = YES;
				GCC_WARN_UNINITIALIZED_AUTOS = YES_AGGRESSIVE;
				GCC_WARN_UNUSED_FUNCTION = YES;
				GCC_WARN_UNUSED_VARIABLE = YES;
				IPHONEOS_DEPLOYMENT_TARGET = 18.0;
				LOCALIZATION_PREFERS_STRING_CATALOGS = YES;
				MTL_ENABLE_DEBUG_INFO = INCLUDE_SOURCE;
				MTL_FAST_MATH = YES;
				ONLY_ACTIVE_ARCH = YES;
				SDKROOT = iphoneos;
				SWIFT_ACTIVE_COMPILATION_CONDITIONS = "DEBUG $(inherited)";
				SWIFT_OPTIMIZATION_LEVEL = "-Onone";
			};
			name = Debug;
		};
		B463063330590360008E7964 /* Release */ = {
			isa = XCBuildConfiguration;
			buildSettings = {
				ALWAYS_SEARCH_USER_PATHS = NO;
				ASSETCATALOG_COMPILER_GENERATE_SWIFT_ASSET_SYMBOL_EXTENSIONS = YES;
				CLANG_ANALYZER_NONNULL = YES;
				CLANG_ANALYZER_NUMBER_OBJECT_CONVERSION = YES_AGGRESSIVE;
				CLANG_CXX_LANGUAGE_STANDARD = "gnu++20";
				CLANG_ENABLE_MODULES = YES;
				CLANG_ENABLE_OBJC_ARC = YES;
				CLANG_ENABLE_OBJC_WEAK = YES;
				CLANG_WARN_BLOCK_CAPTURE_AUTORELEASING = YES;
				CLANG_WARN_BOOL_CONVERSION = YES;
				CLANG_WARN_COMMA = YES;
				CLANG_WARN_CONSTANT_CONVERSION = YES;
				CLANG_WARN_DEPRECATED_OBJC_IMPLEMENTATIONS = YES;
				CLANG_WARN_DIRECT_OBJC_ISA_USAGE = YES_ERROR;
				CLANG_WARN_DOCUMENTATION_COMMENTS = YES;
				CLANG_WARN_EMPTY_BODY = YES;
				CLANG_WARN_ENUM_CONVERSION = YES;
				CLANG_WARN_INFINITE_RECURSION = YES;
				CLANG_WARN_INT_CONVERSION = YES;
				CLANG_WARN_NON_LITERAL_NULL_CONVERSION = YES;
				CLANG_WARN_OBJC_IMPLICIT_RETAIN_SELF = YES;
				CLANG_WARN_OBJC_LITERAL_CONVERSION = YES;
				CLANG_WARN_OBJC_ROOT_CLASS = YES_ERROR;
				CLANG_WARN_QUOTED_INCLUDE_IN_FRAMEWORK_HEADER = YES;
				CLANG_WARN_RANGE_LOOP_ANALYSIS = YES;
				CLANG_WARN_STRICT_PROTOTYPES = YES;
				CLANG_WARN_SUSPICIOUS_MOVE = YES;
				CLANG_WARN_UNGUARDED_AVAILABILITY = YES_AGGRESSIVE;
				CLANG_WARN_UNREACHABLE_CODE = YES;
				CLANG_WARN__DUPLICATE_METHOD_MATCH = YES;
				COPY_PHASE_STRIP = NO;
				DEBUG_INFORMATION_FORMAT = "dwarf-with-dsym";
				DEVELOPMENT_TEAM = JSF53DFS29;
				ENABLE_NS_ASSERTIONS = NO;
				ENABLE_STRICT_OBJC_MSGSEND = YES;
				ENABLE_USER_SCRIPT_SANDBOXING = YES;
				GCC_C_LANGUAGE_STANDARD = gnu17;
				GCC_NO_COMMON_BLOCKS = YES;
				GCC_WARN_64_TO_32_BIT_CONVERSION = YES;
				GCC_WARN_ABOUT_RETURN_TYPE = YES_ERROR;
				GCC_WARN_UNDECLARED_SELECTOR = YES;
				GCC_WARN_UNINITIALIZED_AUTOS = YES_AGGRESSIVE;
				GCC_WARN_UNUSED_FUNCTION = YES;
				GCC_WARN_UNUSED_VARIABLE = YES;
				IPHONEOS_DEPLOYMENT_TARGET = 18.0;
				LOCALIZATION_PREFERS_STRING_CATALOGS = YES;
				MTL_ENABLE_DEBUG_INFO = NO;
				MTL_FAST_MATH = YES;
				SDKROOT = iphoneos;
				SWIFT_COMPILATION_MODE = wholemodule;
				VALIDATE_PRODUCT = YES;
			};
			name = Release;
		};
		B463063530590360008E7964 /* Debug */ = {
			isa = XCBuildConfiguration;
			baseConfigurationReference = B463064230590362008E7964 /* Privy.xcconfig */;
			buildSettings = {
				ASSETCATALOG_COMPILER_APPICON_NAME = AppIcon;
				ASSETCATALOG_COMPILER_GLOBAL_ACCENT_COLOR_NAME = AccentColor;
				CODE_SIGN_STYLE = Automatic;
				CURRENT_PROJECT_VERSION = 1;
				DEVELOPMENT_TEAM = JSF53DFS29;
				ENABLE_PREVIEWS = YES;
				GENERATE_INFOPLIST_FILE = YES;
				INFOPLIST_FILE = Config/Privy.local.Info.plist;
				INFOPLIST_KEY_NSAppTransportSecurity_NSAllowsLocalNetworking = YES;
				INFOPLIST_KEY_UIApplicationSceneManifest_Generation = YES;
				INFOPLIST_KEY_UIApplicationSupportsIndirectInputEvents = YES;
				INFOPLIST_KEY_UILaunchScreen_Generation = YES;
				INFOPLIST_KEY_UISupportedInterfaceOrientations_iPad = "UIInterfaceOrientationPortrait UIInterfaceOrientationPortraitUpsideDown UIInterfaceOrientationLandscapeLeft UIInterfaceOrientationLandscapeRight";
				INFOPLIST_KEY_UISupportedInterfaceOrientations_iPhone = "UIInterfaceOrientationPortrait UIInterfaceOrientationLandscapeLeft UIInterfaceOrientationLandscapeRight";
				LD_RUNPATH_SEARCH_PATHS = (
					"$(inherited)",
					"@executable_path/Frameworks",
				);
				MARKETING_VERSION = 1.0;
				PRODUCT_BUNDLE_IDENTIFIER = com.monaco.app;
				PRODUCT_NAME = "$(TARGET_NAME)";
				STRING_CATALOG_GENERATE_SYMBOLS = YES;
				SWIFT_APPROACHABLE_CONCURRENCY = YES;
				SWIFT_DEFAULT_ACTOR_ISOLATION = MainActor;
				SWIFT_EMIT_LOC_STRINGS = YES;
				SWIFT_UPCOMING_FEATURE_MEMBER_IMPORT_VISIBILITY = YES;
				SWIFT_VERSION = 5.0;
				TARGETED_DEVICE_FAMILY = "1,2";
			};
			name = Debug;
		};
		B463063630590360008E7964 /* Release */ = {
			isa = XCBuildConfiguration;
			baseConfigurationReference = B463064230590362008E7964 /* Privy.xcconfig */;
			buildSettings = {
				ASSETCATALOG_COMPILER_APPICON_NAME = AppIcon;
				ASSETCATALOG_COMPILER_GLOBAL_ACCENT_COLOR_NAME = AccentColor;
				CODE_SIGN_STYLE = Automatic;
				CURRENT_PROJECT_VERSION = 1;
				DEVELOPMENT_TEAM = JSF53DFS29;
				ENABLE_PREVIEWS = YES;
				GENERATE_INFOPLIST_FILE = YES;
				INFOPLIST_FILE = Config/Privy.local.Info.plist;
				INFOPLIST_KEY_NSAppTransportSecurity_NSAllowsLocalNetworking = YES;
				INFOPLIST_KEY_UIApplicationSceneManifest_Generation = YES;
				INFOPLIST_KEY_UIApplicationSupportsIndirectInputEvents = YES;
				INFOPLIST_KEY_UILaunchScreen_Generation = YES;
				INFOPLIST_KEY_UISupportedInterfaceOrientations_iPad = "UIInterfaceOrientationPortrait UIInterfaceOrientationPortraitUpsideDown UIInterfaceOrientationLandscapeLeft UIInterfaceOrientationLandscapeRight";
				INFOPLIST_KEY_UISupportedInterfaceOrientations_iPhone = "UIInterfaceOrientationPortrait UIInterfaceOrientationLandscapeLeft UIInterfaceOrientationLandscapeRight";
				LD_RUNPATH_SEARCH_PATHS = (
					"$(inherited)",
					"@executable_path/Frameworks",
				);
				MARKETING_VERSION = 1.0;
				PRODUCT_BUNDLE_IDENTIFIER = com.monaco.app;
				PRODUCT_NAME = "$(TARGET_NAME)";
				STRING_CATALOG_GENERATE_SYMBOLS = YES;
				SWIFT_APPROACHABLE_CONCURRENCY = YES;
				SWIFT_DEFAULT_ACTOR_ISOLATION = MainActor;
				SWIFT_EMIT_LOC_STRINGS = YES;
				SWIFT_UPCOMING_FEATURE_MEMBER_IMPORT_VISIBILITY = YES;
				SWIFT_VERSION = 5.0;
				TARGETED_DEVICE_FAMILY = "1,2";
			};
			name = Release;
		};
		B463063830590360008E7964 /* Debug */ = {
			isa = XCBuildConfiguration;
			buildSettings = {
				BUNDLE_LOADER = "$(TEST_HOST)";
				CODE_SIGN_STYLE = Automatic;
				CURRENT_PROJECT_VERSION = 1;
				DEVELOPMENT_TEAM = JSF53DFS29;
				GENERATE_INFOPLIST_FILE = YES;
				IPHONEOS_DEPLOYMENT_TARGET = 18.0;
				MARKETING_VERSION = 1.0;
				PRODUCT_BUNDLE_IDENTIFIER = logno.MonacoTests;
				PRODUCT_NAME = "$(TARGET_NAME)";
				STRING_CATALOG_GENERATE_SYMBOLS = NO;
				SWIFT_APPROACHABLE_CONCURRENCY = YES;
				SWIFT_EMIT_LOC_STRINGS = NO;
				SWIFT_UPCOMING_FEATURE_MEMBER_IMPORT_VISIBILITY = YES;
				SWIFT_VERSION = 5.0;
				TARGETED_DEVICE_FAMILY = "1,2";
				TEST_HOST = "$(BUILT_PRODUCTS_DIR)/Monaco.app/$(BUNDLE_EXECUTABLE_FOLDER_PATH)/Monaco";
			};
			name = Debug;
		};
		B463063930590360008E7964 /* Release */ = {
			isa = XCBuildConfiguration;
			buildSettings = {
				BUNDLE_LOADER = "$(TEST_HOST)";
				CODE_SIGN_STYLE = Automatic;
				CURRENT_PROJECT_VERSION = 1;
				DEVELOPMENT_TEAM = JSF53DFS29;
				GENERATE_INFOPLIST_FILE = YES;
				IPHONEOS_DEPLOYMENT_TARGET = 18.0;
				MARKETING_VERSION = 1.0;
				PRODUCT_BUNDLE_IDENTIFIER = logno.MonacoTests;
				PRODUCT_NAME = "$(TARGET_NAME)";
				STRING_CATALOG_GENERATE_SYMBOLS = NO;
				SWIFT_APPROACHABLE_CONCURRENCY = YES;
				SWIFT_EMIT_LOC_STRINGS = NO;
				SWIFT_UPCOMING_FEATURE_MEMBER_IMPORT_VISIBILITY = YES;
				SWIFT_VERSION = 5.0;
				TARGETED_DEVICE_FAMILY = "1,2";
				TEST_HOST = "$(BUILT_PRODUCTS_DIR)/Monaco.app/$(BUNDLE_EXECUTABLE_FOLDER_PATH)/Monaco";
			};
			name = Release;
		};
		B463063B30590360008E7964 /* Debug */ = {
			isa = XCBuildConfiguration;
			buildSettings = {
				CODE_SIGN_STYLE = Automatic;
				CURRENT_PROJECT_VERSION = 1;
				DEVELOPMENT_TEAM = JSF53DFS29;
				GENERATE_INFOPLIST_FILE = YES;
				MARKETING_VERSION = 1.0;
				PRODUCT_BUNDLE_IDENTIFIER = logno.MonacoUITests;
				PRODUCT_NAME = "$(TARGET_NAME)";
				STRING_CATALOG_GENERATE_SYMBOLS = NO;
				SWIFT_APPROACHABLE_CONCURRENCY = YES;
				SWIFT_EMIT_LOC_STRINGS = NO;
				SWIFT_UPCOMING_FEATURE_MEMBER_IMPORT_VISIBILITY = YES;
				SWIFT_VERSION = 5.0;
				TARGETED_DEVICE_FAMILY = "1,2";
				TEST_TARGET_NAME = Monaco;
			};
			name = Debug;
		};
		B463063C30590360008E7964 /* Release */ = {
			isa = XCBuildConfiguration;
			buildSettings = {
				CODE_SIGN_STYLE = Automatic;
				CURRENT_PROJECT_VERSION = 1;
				DEVELOPMENT_TEAM = JSF53DFS29;
				GENERATE_INFOPLIST_FILE = YES;
				MARKETING_VERSION = 1.0;
				PRODUCT_BUNDLE_IDENTIFIER = logno.MonacoUITests;
				PRODUCT_NAME = "$(TARGET_NAME)";
				STRING_CATALOG_GENERATE_SYMBOLS = NO;
				SWIFT_APPROACHABLE_CONCURRENCY = YES;
				SWIFT_EMIT_LOC_STRINGS = NO;
				SWIFT_UPCOMING_FEATURE_MEMBER_IMPORT_VISIBILITY = YES;
				SWIFT_VERSION = 5.0;
				TARGETED_DEVICE_FAMILY = "1,2";
				TEST_TARGET_NAME = Monaco;
			};
			name = Release;
		};
/* End XCBuildConfiguration section */

/* Begin XCConfigurationList section */
		B463060E3059035D008E7964 /* Build configuration list for PBXProject "Monaco" */ = {
			isa = XCConfigurationList;
			buildConfigurations = (
				B463063230590360008E7964 /* Debug */,
				B463063330590360008E7964 /* Release */,
			);
			defaultConfigurationIsVisible = 0;
			defaultConfigurationName = Release;
		};
		B463063430590360008E7964 /* Build configuration list for PBXNativeTarget "Monaco" */ = {
			isa = XCConfigurationList;
			buildConfigurations = (
				B463063530590360008E7964 /* Debug */,
				B463063630590360008E7964 /* Release */,
			);
			defaultConfigurationIsVisible = 0;
			defaultConfigurationName = Release;
		};
		B463063730590360008E7964 /* Build configuration list for PBXNativeTarget "MonacoTests" */ = {
			isa = XCConfigurationList;
			buildConfigurations = (
				B463063830590360008E7964 /* Debug */,
				B463063930590360008E7964 /* Release */,
			);
			defaultConfigurationIsVisible = 0;
			defaultConfigurationName = Release;
		};
		B463063A30590360008E7964 /* Build configuration list for PBXNativeTarget "MonacoUITests" */ = {
			isa = XCConfigurationList;
			buildConfigurations = (
				B463063B30590360008E7964 /* Debug */,
				B463063C30590360008E7964 /* Release */,
			);
			defaultConfigurationIsVisible = 0;
			defaultConfigurationName = Release;
		};
/* End XCConfigurationList section */

/* Begin XCLocalSwiftPackageReference section */
		C0DE000130590361008E7964 /* XCLocalSwiftPackageReference "../../packages/mobile-core" */ = {
			isa = XCLocalSwiftPackageReference;
			relativePath = "../../packages/mobile-core";
		};
/* End XCLocalSwiftPackageReference section */

/* Begin XCRemoteSwiftPackageReference section */
		B463063F30590361008E7964 /* XCRemoteSwiftPackageReference "privy-ios" */ = {
			isa = XCRemoteSwiftPackageReference;
			repositoryURL = "https://github.com/privy-io/privy-ios";
			requirement = {
				kind = upToNextMajorVersion;
				minimumVersion = 2.16.2;
			};
		};
/* End XCRemoteSwiftPackageReference section */

/* Begin XCSwiftPackageProductDependency section */
		B463064030590361008E7964 /* Privy */ = {
			isa = XCSwiftPackageProductDependency;
			package = B463063F30590361008E7964 /* XCRemoteSwiftPackageReference "privy-ios" */;
			productName = Privy;
		};
		C0DE000230590361008E7964 /* MonacoCore */ = {
			isa = XCSwiftPackageProductDependency;
			package = C0DE000130590361008E7964 /* XCLocalSwiftPackageReference "../../packages/mobile-core" */;
			productName = MonacoCore;
		};
/* End XCSwiftPackageProductDependency section */
	};
	rootObject = B463060B3059035D008E7964 /* Project object */;
}
